{
  "version": "4",
  "specifiers": {
    "jsr:@std/assert@1": "1.0.6",
    "jsr:@std/bytes@^1.0.2": "1.0.2",
    "jsr:@std/internal@^1.0.4": "1.0.4",
    "jsr:@std/io@0.225.0": "0.225.0",
    "npm:zod@3.20.5": "3.20.5"
  },
  "jsr": {
    "@std/assert@1.0.6": {
      "integrity": "1904c05806a25d94fe791d6d883b685c9e2dcd60e4f9fc30f4fc5cf010c72207",
      "dependencies": [
        "jsr:@std/internal"
      ]
    },
    "@std/bytes@1.0.2": {
      "integrity": "fbdee322bbd8c599a6af186a1603b3355e59a5fb1baa139f8f4c3c9a1b3e3d57"
    },
    "@std/internal@1.0.4": {
      "integrity": "62e8e4911527e5e4f307741a795c0b0a9e6958d0b3790716ae71ce085f755422"
    },
    "@std/io@0.225.0": {
      "integrity": "c1db7c5e5a231629b32d64b9a53139445b2ca640d828c26bf23e1c55f8c079b3",
      "dependencies": [
        "jsr:@std/bytes"
      ]
    }
  },
  "npm": {
    "zod@3.20.5": {
      "integrity": "sha512-BTAAliwfoB9dWf2hC+TXlyWKk/YTqRGZjHQR0WLC2A2pzierWo7KuQ1ebjS4SNaFaxg/lDItzl9/QTgLjcHbgw=="
    }
  },
  "workspace": {
    "dependencies": [
      "jsr:@std/assert@1",
      "jsr:@std/io@0.225.0",
      "npm:zod@3.20.5"
    ]
  }
}
