{
  "version": "4",
  "specifiers": {
    "jsr:@std/assert@1": "1.0.6",
    "jsr:@std/internal@^1.0.4": "1.0.4",
    "npm:zod@3.20.5": "3.20.5"
  },
  "jsr": {
    "@std/assert@1.0.6": {
      "integrity": "1904c05806a25d94fe791d6d883b685c9e2dcd60e4f9fc30f4fc5cf010c72207",
      "dependencies": [
        "jsr:@std/internal"
      ]
    },
    "@std/internal@1.0.4": {
      "integrity": "62e8e4911527e5e4f307741a795c0b0a9e6958d0b3790716ae71ce085f755422"
    }
  },
  "npm": {
    "zod@3.20.5": {
      "integrity": "sha512-BTAAliwfoB9dWf2hC+TXlyWKk/YTqRGZjHQR0WLC2A2pzierWo7KuQ1ebjS4SNaFaxg/lDItzl9/QTgLjcHbgw=="
    }
  },
  "workspace": {
    "dependencies": [
      "jsr:@std/assert@1",
      "npm:zod@3.20.5"
    ]
  }
}
